{
	"name": "hookejs",
	"version": "1.3.0",
	"lockfileVersion": 1,
	"requires": true,
	"dependencies": {
		"axios": {
			"version": "0.19.2",
			"resolved": "https://registry.npmjs.org/axios/-/axios-0.19.2.tgz",
			"integrity": "sha512-fjgm5MvRHLhx+osE2xoekY70AhARk3a6hkN+3Io1jc00jtquGvxYlKlsFUhmUET0V5te6CcZI7lcv2Ym61mjHA==",
			"requires": {
				"follow-redirects": "1.5.10"
			}
		},
		"follow-redirects": {
			"version": "1.5.10",
			"resolved": "https://registry.npmjs.org/follow-redirects/-/follow-redirects-1.5.10.tgz",
			"integrity": "sha512-0V5l4Cizzvqt5D44aTXbFZz+FtyXV1vrDN6qrelxtfYQKW0KO0W2T/hkE8xvGa/540LkZlkaUjO4ailYTFtHVQ==",
			"requires": {
				"debug": "=3.1.0"
			},
			"dependencies": {
				"debug": {
					"version": "3.1.0",
					"resolved": "https://registry.npmjs.org/debug/-/debug-3.1.0.tgz",
					"integrity": "sha512-OX8XqP7/1a9cqkxYw2yXss15f26NKWBpDXQd0/uK/KPqdQhxbPa994hnzjcE2VqQpDslf55723cKPUOGSmMY3g==",
					"requires": {
						"ms": "2.0.0"
					}
				},
				"ms": {
					"version": "2.0.0",
					"resolved": "https://registry.npmjs.org/ms/-/ms-2.0.0.tgz",
					"integrity": "sha1-VgiurfwAvmwpAd9fmGF4jeDVl8g="
				}
			}
		},
		"itworksjs": {
			"version": "1.1.1",
			"resolved": "https://registry.npmjs.org/itworksjs/-/itworksjs-1.1.1.tgz",
			"integrity": "sha512-hdIwV+kBLzu5g3Nc6WVUZQIWMxTiYPKEQ/4UYG+L30jt1L6AyWkGkTJYz9AMVf0HXuyobzNrfl//HpCFBaAWow==",
			"dev": true
		},
		"nan": {
			"version": "2.14.0",
			"resolved": "https://registry.npmjs.org/nan/-/nan-2.14.0.tgz",
			"integrity": "sha512-INOFj37C7k3AfaNTtX8RhsTw7qRy7eLET14cROi9+5HAVbbHuIWUHEauBv5qT4Av2tWasiTY1Jw6puUNqRJXQg=="
		},
		"node-snowball": {
			"version": "0.4.0",
			"resolved": "https://registry.npmjs.org/node-snowball/-/node-snowball-0.4.0.tgz",
			"integrity": "sha512-QZ1M6GIWd23R9xGEhyy6OFLMrDL5R2kgXM6xcartaDseZRM2ByS8t6zg7b+7a81bbI/RvWQ7rMihjADrRVLX/A==",
			"requires": {
				"nan": "^2.14.0"
			}
		},
		"prettier": {
			"version": "2.0.5",
			"resolved": "https://registry.npmjs.org/prettier/-/prettier-2.0.5.tgz",
			"integrity": "sha512-7PtVymN48hGcO4fGjybyBSIWDsLU4H4XlvOHfq91pz9kkGlonzwTfYkaIEwiRg/dAJF9YlbsduBAgtYLi+8cFg==",
			"dev": true
		}
	}
}
